
Microsoft Visual Studio Solution File, Format Version 12.00
# Visual Studio Version 16
VisualStudioVersion = 16.0.30804.86
MinimumVisualStudioVersion = 10.0.40219.1
Project("{FAE04EC0-301F-11D3-BF4B-00C04F79EFBC}") = "READ AND WRITE FILE WITH ARRAY", "READ AND WRITE FILE WITH ARRAY\READ AND WRITE FILE WITH ARRAY.csproj", "{5E0989F3-A9BE-4F0F-8B6D-2D52520442F8}"
EndProject
Global
	GlobalSection(SolutionConfigurationPlatforms) = preSolution
		Debug|Any CPU = Debug|Any CPU
		Release|Any CPU = Release|Any CPU
	EndGlobalSection
	GlobalSection(ProjectConfigurationPlatforms) = postSolution
		{5E0989F3-A9BE-4F0F-8B6D-2D52520442F8}.Debug|Any CPU.ActiveCfg = Debug|Any CPU
		{5E0989F3-A9BE-4F0F-8B6D-2D52520442F8}.Debug|Any CPU.Build.0 = Debug|Any CPU
		{5E0989F3-A9BE-4F0F-8B6D-2D52520442F8}.Release|Any CPU.ActiveCfg = Release|Any CPU
		{5E0989F3-A9BE-4F0F-8B6D-2D52520442F8}.Release|Any CPU.Build.0 = Release|Any CPU
	EndGlobalSection
	GlobalSection(SolutionProperties) = preSolution
		HideSolutionNode = FALSE
	EndGlobalSection
	GlobalSection(ExtensibilityGlobals) = postSolution
		SolutionGuid = {A9BD801D-0A4C-42BA-8DFF-57DCC0B35869}
	EndGlobalSection
EndGlobal
